
Microsoft Visual Studio Solution File, Format Version 12.00
# Visual Studio Version 17
VisualStudioVersion = 17.14.37301.10 d17.14
MinimumVisualStudioVersion = 10.0.40219.1
Project("{FAE04EC0-301F-11D3-BF4B-00C04F79EFBC}") = "intranet", "intranet\intranet.csproj", "{B72DF7AC-D343-463D-AB9F-39565D3D6025}"
EndProject
Global
	GlobalSection(SolutionConfigurationPlatforms) = preSolution
		Debug|Any CPU = Debug|Any CPU
		Release|Any CPU = Release|Any CPU
	EndGlobalSection
	GlobalSection(ProjectConfigurationPlatforms) = postSolution
		{B72DF7AC-D343-463D-AB9F-39565D3D6025}.Debug|Any CPU.ActiveCfg = Debug|Any CPU
		{B72DF7AC-D343-463D-AB9F-39565D3D6025}.Debug|Any CPU.Build.0 = Debug|Any CPU
		{B72DF7AC-D343-463D-AB9F-39565D3D6025}.Release|Any CPU.ActiveCfg = Release|Any CPU
		{B72DF7AC-D343-463D-AB9F-39565D3D6025}.Release|Any CPU.Build.0 = Release|Any CPU
	EndGlobalSection
	GlobalSection(SolutionProperties) = preSolution
		HideSolutionNode = FALSE
	EndGlobalSection
	GlobalSection(ExtensibilityGlobals) = postSolution
		SolutionGuid = {B2A82593-F37B-4EF4-8F2C-7E96DF0E98F5}
	EndGlobalSection
EndGlobal
